
Microsoft Visual Studio Solution File, Format Version 12.00
# Visual Studio 15
Project("{FAE04EC0-301F-11D3-BF4B-00C04F79EFBC}") = "SchoolLibrary", "SchoolLibrary\SchoolLibrary.csproj", "{BB08D14F-CFCB-46B6-BC8E-C74FA3BEEEFC}"
EndProject
Global
	GlobalSection(SolutionConfigurationPlatforms) = preSolution
		Debug|Any CPU = Debug|Any CPU
		Release|Any CPU = Release|Any CPU
	EndGlobalSection
	GlobalSection(ProjectConfigurationPlatforms) = postSolution
		{BB08D14F-CFCB-46B6-BC8E-C74FA3BEEEFC}.Debug|Any CPU.ActiveCfg = Debug|Any CPU
		{BB08D14F-CFCB-46B6-BC8E-C74FA3BEEEFC}.Debug|Any CPU.Build.0 = Debug|Any CPU
		{BB08D14F-CFCB-46B6-BC8E-C74FA3BEEEFC}.Release|Any CPU.ActiveCfg = Release|Any CPU
		{BB08D14F-CFCB-46B6-BC8E-C74FA3BEEEFC}.Release|Any CPU.Build.0 = Release|Any CPU
	EndGlobalSection
EndGlobal
