
Microsoft Visual Studio Solution File, Format Version 12.00
# Visual Studio 15
Project("{FAE04EC0-301F-11D3-BF4B-00C04F79EFBC}") = "first-console-app", "first-console-app.csproj", "{4C8C6A39-51D5-427C-8CC2-898B73F099E1}"
EndProject
Global
	GlobalSection(SolutionConfigurationPlatforms) = preSolution
		Debug|Any CPU = Debug|Any CPU
		Release|Any CPU = Release|Any CPU
	EndGlobalSection
	GlobalSection(ProjectConfigurationPlatforms) = postSolution
		{4C8C6A39-51D5-427C-8CC2-898B73F099E1}.Debug|Any CPU.ActiveCfg = Debug|Any CPU
		{4C8C6A39-51D5-427C-8CC2-898B73F099E1}.Debug|Any CPU.Build.0 = Debug|Any CPU
		{4C8C6A39-51D5-427C-8CC2-898B73F099E1}.Release|Any CPU.ActiveCfg = Release|Any CPU
		{4C8C6A39-51D5-427C-8CC2-898B73F099E1}.Release|Any CPU.Build.0 = Release|Any CPU
	EndGlobalSection
EndGlobal
